<?xml version="1.0" encoding="utf-8"?>
<Project ToolsVersion="4.0" xmlns="http://schemas.microsoft.com/developer/msbuild/2003">
  <ItemGroup>
    <CudaCompile Include="main.cu" />
  </ItemGroup>
  <ItemGroup>
    <ClInclude Include="MathHelper.h">
      <Filter>Header\Math</Filter>
    </ClInclude>
    <ClInclude Include="Camera.h">
      <Filter>Header\Components</Filter>
    </ClInclude>
    <ClInclude Include="GLWindow.h">
      <Filter>Header\Lowlevel</Filter>
    </ClInclude>
    <ClInclude Include="root.h">
      <Filter>Header\Lowlevel</Filter>
    </ClInclude>
    <ClInclude Include="ray.h">
      <Filter>Header\Components</Filter>
    </ClInclude>
    <ClInclude Include="Hitable.h">
      <Filter>Header\Instances</Filter>
    </ClInclude>
    <ClInclude Include="vec3.h">
      <Filter>Header\Math</Filter>
    </ClInclude>
    <ClInclude Include="AABB.h">
      <Filter>Header\Instances</Filter>
    </ClInclude>
    <ClInclude Include="BVH.h">
      <Filter>Header\Instances</Filter>
    </ClInclude>
    <ClInclude Include="Sphere.h">
      <Filter>Header\Instances</Filter>
    </ClInclude>
    <ClInclude Include="device.h">
      <Filter>Header\Device</Filter>
    </ClInclude>
    <ClInclude Include="Renderer.h">
      <Filter>Header\Render</Filter>
    </ClInclude>
    <ClInclude Include="Texture.h">
      <Filter>Header\Render</Filter>
    </ClInclude>
    <ClInclude Include="stb_image.h">
      <Filter>Header\Render\ImageLib</Filter>
    </ClInclude>
    <ClInclude Include="stb_image_write.h">
      <Filter>Header\Render\ImageLib</Filter>
    </ClInclude>
    <ClInclude Include="Material.h">
      <Filter>Header\Render</Filter>
    </ClInclude>
    <ClInclude Include="Triangle.h">
      <Filter>Header\Instances</Filter>
    </ClInclude>
    <ClInclude Include="Vertex.h">
      <Filter>Header\Math</Filter>
    </ClInclude>
    <ClInclude Include="vec2.h">
      <Filter>Header\Math</Filter>
    </ClInclude>
    <ClInclude Include="Model.h">
      <Filter>Header\Instances</Filter>
    </ClInclude>
    <ClInclude Include="Scene.h">
      <Filter>Header\Render</Filter>
    </ClInclude>
  </ItemGroup>
  <ItemGroup>
    <Filter Include="Header">
      <UniqueIdentifier>{c3ded452-7622-4912-83b8-11d46cfadf51}</UniqueIdentifier>
    </Filter>
    <Filter Include="Header\Components">
      <UniqueIdentifier>{485708af-fafb-49f5-bba0-e462163b0ea2}</UniqueIdentifier>
    </Filter>
    <Filter Include="Header\Instances">
      <UniqueIdentifier>{28944fda-7b5c-4a53-b316-a1bc583b2661}</UniqueIdentifier>
    </Filter>
    <Filter Include="Header\Lowlevel">
      <UniqueIdentifier>{5eec38a4-a479-48ae-aabd-baf1bc15c870}</UniqueIdentifier>
    </Filter>
    <Filter Include="Header\Math">
      <UniqueIdentifier>{028d531b-997d-4207-a171-3d3ae616daf2}</UniqueIdentifier>
    </Filter>
    <Filter Include="Header\Device">
      <UniqueIdentifier>{ac0cf60e-84ce-4548-8b37-a63b84c6580a}</UniqueIdentifier>
    </Filter>
    <Filter Include="Header\Render">
      <UniqueIdentifier>{dcb249b3-c143-4781-8706-d6fc386b0494}</UniqueIdentifier>
    </Filter>
    <Filter Include="Header\Render\ImageLib">
      <UniqueIdentifier>{b034146d-1777-47f3-8968-b380098308fd}</UniqueIdentifier>
    </Filter>
  </ItemGroup>
</Project>