
Microsoft Visual Studio Solution File, Format Version 12.00
# Visual Studio Version 16
VisualStudioVersion = 16.0.28803.352
MinimumVisualStudioVersion = 10.0.40219.1
Project("{8BC9CEB8-8B4A-11D0-8D11-00A0C91BC942}") = "ALight", "ALight\ALight.vcxproj", "{0E4431BE-7189-4FEA-9797-8F4158485338}"
EndProject
Project("{8BC9CEB8-8B4A-11D0-8D11-00A0C91BC942}") = "CudaTest", "CudaTest\CudaTest.vcxproj", "{3DB44451-F9CB-4112-A915-28947C222CCF}"
EndProject
Global
	GlobalSection(SolutionConfigurationPlatforms) = preSolution
		Debug|Any CPU = Debug|Any CPU
		Debug|x64 = Debug|x64
		Release|Any CPU = Release|Any CPU
		Release|x64 = Release|x64
	EndGlobalSection
	GlobalSection(ProjectConfigurationPlatforms) = postSolution
		{0E4431BE-7189-4FEA-9797-8F4158485338}.Debug|Any CPU.ActiveCfg = Debug|x64
		{0E4431BE-7189-4FEA-9797-8F4158485338}.Debug|x64.ActiveCfg = Debug|x64
		{0E4431BE-7189-4FEA-9797-8F4158485338}.Debug|x64.Build.0 = Debug|x64
		{0E4431BE-7189-4FEA-9797-8F4158485338}.Release|Any CPU.ActiveCfg = Release|x64
		{0E4431BE-7189-4FEA-9797-8F4158485338}.Release|Any CPU.Build.0 = Release|x64
		{0E4431BE-7189-4FEA-9797-8F4158485338}.Release|x64.ActiveCfg = Release|x64
		{0E4431BE-7189-4FEA-9797-8F4158485338}.Release|x64.Build.0 = Release|x64
		{3DB44451-F9CB-4112-A915-28947C222CCF}.Debug|Any CPU.ActiveCfg = Debug|x64
		{3DB44451-F9CB-4112-A915-28947C222CCF}.Debug|x64.ActiveCfg = Debug|x64
		{3DB44451-F9CB-4112-A915-28947C222CCF}.Debug|x64.Build.0 = Debug|x64
		{3DB44451-F9CB-4112-A915-28947C222CCF}.Release|Any CPU.ActiveCfg = Release|x64
		{3DB44451-F9CB-4112-A915-28947C222CCF}.Release|Any CPU.Build.0 = Release|x64
		{3DB44451-F9CB-4112-A915-28947C222CCF}.Release|x64.ActiveCfg = Release|x64
		{3DB44451-F9CB-4112-A915-28947C222CCF}.Release|x64.Build.0 = Release|x64
	EndGlobalSection
	GlobalSection(SolutionProperties) = preSolution
		HideSolutionNode = FALSE
	EndGlobalSection
	GlobalSection(ExtensibilityGlobals) = postSolution
		SolutionGuid = {85BA8371-24AF-4A5C-885F-9240B442F5D4}
	EndGlobalSection
EndGlobal
